// !$*UTF8*$!
{
	archiveVersion = 1;
	classes = {
	};
	objectVersion = 50;
	objects = {

/* Begin PBXFileReference section */
		4192C110239AC0A000A586F7 /* plot_mpv.py */ = {isa = PBXFileReference; lastKnownFileType = text.script.python; path = plot_mpv.py; sourceTree = "<group>"; };
		41937DED2360BC2100867792 /* mode_parameters.txt */ = {isa = PBXFileReference; lastKnownFileType = text; path = mode_parameters.txt; sourceTree = "<group>"; };
		41937DF62364B15A00867792 /* io.h */ = {isa = PBXFileReference; lastKnownFileType = sourcecode.c.h; path = io.h; sourceTree = "<group>"; };
		41937DF72364B15A00867792 /* io.cc */ = {isa = PBXFileReference; lastKnownFileType = sourcecode.cpp.cpp; path = io.cc; sourceTree = "<group>"; };
		41ACAD3F2334D54A00B8AA3B /* LORA_PC.cc */ = {isa = PBXFileReference; lastKnownFileType = sourcecode.cpp.cpp; path = LORA_PC.cc; sourceTree = "<group>"; };
		41ACAD4023350E2600B8AA3B /* input.txt */ = {isa = PBXFileReference; lastKnownFileType = text; path = input.txt; sourceTree = "<group>"; };
		41ACAD4123350E2B00B8AA3B /* socket_functions.h */ = {isa = PBXFileReference; lastKnownFileType = sourcecode.c.h; path = socket_functions.h; sourceTree = "<group>"; };
		41ACAD4223350E2B00B8AA3B /* Makefile */ = {isa = PBXFileReference; lastKnownFileType = sourcecode.make; path = Makefile; sourceTree = "<group>"; };
		41ACAD4323350FC400B8AA3B /* socket_functions.cc */ = {isa = PBXFileReference; lastKnownFileType = sourcecode.cpp.cpp; path = socket_functions.cc; sourceTree = "<group>"; };
		41ACAD442337F80C00B8AA3B /* extra.h */ = {isa = PBXFileReference; lastKnownFileType = sourcecode.c.h; path = extra.h; sourceTree = "<group>"; };
		41ACAD452337F80C00B8AA3B /* extra.cc */ = {isa = PBXFileReference; lastKnownFileType = sourcecode.cpp.cpp; path = extra.cc; sourceTree = "<group>"; };
		41E98BB123661D800033300C /* event.h */ = {isa = PBXFileReference; lastKnownFileType = sourcecode.c.h; path = event.h; sourceTree = "<group>"; };
		41E98BB223661D800033300C /* event.cc */ = {isa = PBXFileReference; lastKnownFileType = sourcecode.cpp.cpp; path = event.cc; sourceTree = "<group>"; };
		41E98BB323664C8A0033300C /* plot.py */ = {isa = PBXFileReference; lastKnownFileType = text.script.python; path = plot.py; sourceTree = "<group>"; };
/* End PBXFileReference section */

/* Begin PBXGroup section */
		41ACAD382334D52D00B8AA3B = {
			isa = PBXGroup;
			children = (
				41ACAD3F2334D54A00B8AA3B /* LORA_PC.cc */,
				41E98BB223661D800033300C /* event.cc */,
				41E98BB323664C8A0033300C /* plot.py */,
				41E98BB123661D800033300C /* event.h */,
				41ACAD452337F80C00B8AA3B /* extra.cc */,
				41ACAD442337F80C00B8AA3B /* extra.h */,
				41937DED2360BC2100867792 /* mode_parameters.txt */,
				41ACAD4223350E2B00B8AA3B /* Makefile */,
				41937DF72364B15A00867792 /* io.cc */,
				41937DF62364B15A00867792 /* io.h */,
				41ACAD4123350E2B00B8AA3B /* socket_functions.h */,
				41ACAD4323350FC400B8AA3B /* socket_functions.cc */,
				41ACAD4023350E2600B8AA3B /* input.txt */,
				4192C110239AC0A000A586F7 /* plot_mpv.py */,
			);
			sourceTree = "<group>";
		};
/* End PBXGroup section */

/* Begin PBXProject section */
		41ACAD392334D52D00B8AA3B /* Project object */ = {
			isa = PBXProject;
			attributes = {
				LastUpgradeCheck = 1010;
			};
			buildConfigurationList = 41ACAD3C2334D52D00B8AA3B /* Build configuration list for PBXProject "LOCAL_DAQ" */;
			compatibilityVersion = "Xcode 9.3";
			developmentRegion = en;
			hasScannedForEncodings = 0;
			knownRegions = (
				en,
			);
			mainGroup = 41ACAD382334D52D00B8AA3B;
			projectDirPath = "";
			projectRoot = "";
			targets = (
			);
		};
/* End PBXProject section */

/* Begin XCBuildConfiguration section */
		41ACAD3D2334D52D00B8AA3B /* Debug */ = {
			isa = XCBuildConfiguration;
			buildSettings = {
			};
			name = Debug;
		};
		41ACAD3E2334D52D00B8AA3B /* Release */ = {
			isa = XCBuildConfiguration;
			buildSettings = {
			};
			name = Release;
		};
/* End XCBuildConfiguration section */

/* Begin XCConfigurationList section */
		41ACAD3C2334D52D00B8AA3B /* Build configuration list for PBXProject "LOCAL_DAQ" */ = {
			isa = XCConfigurationList;
			buildConfigurations = (
				41ACAD3D2334D52D00B8AA3B /* Debug */,
				41ACAD3E2334D52D00B8AA3B /* Release */,
			);
			defaultConfigurationIsVisible = 0;
			defaultConfigurationName = Release;
		};
/* End XCConfigurationList section */
	};
	rootObject = 41ACAD392334D52D00B8AA3B /* Project object */;
}
